
Microsoft Visual Studio Solution File, Format Version 12.00
# Visual Studio Version 16
VisualStudioVersion = 16.0.31313.79
MinimumVisualStudioVersion = 10.0.40219.1
Project("{9A19103F-16F7-4668-BE54-9A1E7A4F7556}") = "Calculator", "Calculator\Calculator.csproj", "{61CC24B1-E55F-4D61-AE07-092C0011AA88}"
EndProject
Project("{FAE04EC0-301F-11D3-BF4B-00C04F79EFBC}") = "TestProject", "TestProject\TestProject.csproj", "{9B49CE28-C2F4-4140-BC29-B8B16F7E2BAA}"
	ProjectSection(ProjectDependencies) = postProject
		{61CC24B1-E55F-4D61-AE07-092C0011AA88} = {61CC24B1-E55F-4D61-AE07-092C0011AA88}
	EndProjectSection
EndProject
Global
	GlobalSection(SolutionConfigurationPlatforms) = preSolution
		Debug|Any CPU = Debug|Any CPU
		Release|Any CPU = Release|Any CPU
	EndGlobalSection
	GlobalSection(ProjectConfigurationPlatforms) = postSolution
		{61CC24B1-E55F-4D61-AE07-092C0011AA88}.Debug|Any CPU.ActiveCfg = Debug|Any CPU
		{61CC24B1-E55F-4D61-AE07-092C0011AA88}.Debug|Any CPU.Build.0 = Debug|Any CPU
		{61CC24B1-E55F-4D61-AE07-092C0011AA88}.Release|Any CPU.ActiveCfg = Release|Any CPU
		{61CC24B1-E55F-4D61-AE07-092C0011AA88}.Release|Any CPU.Build.0 = Release|Any CPU
		{9B49CE28-C2F4-4140-BC29-B8B16F7E2BAA}.Debug|Any CPU.ActiveCfg = Debug|Any CPU
		{9B49CE28-C2F4-4140-BC29-B8B16F7E2BAA}.Debug|Any CPU.Build.0 = Debug|Any CPU
		{9B49CE28-C2F4-4140-BC29-B8B16F7E2BAA}.Release|Any CPU.ActiveCfg = Release|Any CPU
		{9B49CE28-C2F4-4140-BC29-B8B16F7E2BAA}.Release|Any CPU.Build.0 = Release|Any CPU
	EndGlobalSection
	GlobalSection(SolutionProperties) = preSolution
		HideSolutionNode = FALSE
	EndGlobalSection
	GlobalSection(ExtensibilityGlobals) = postSolution
		SolutionGuid = {CA2937D5-07FB-4665-9561-BF2A22BE440F}
	EndGlobalSection
EndGlobal
